
Microsoft Visual Studio Solution File, Format Version 12.00
# Visual Studio Version 17
VisualStudioVersion = 17.0.32126.317
MinimumVisualStudioVersion = 10.0.40219.1
Project("{FAE04EC0-301F-11D3-BF4B-00C04F79EFBC}") = "EBKPlugin", "EBKPlugin.csproj", "{4E9C8C6A-8AE4-42C5-8444-FCE8C7A5D623}"
EndProject
Global
	GlobalSection(SolutionConfigurationPlatforms) = preSolution
		Debug|Any CPU = Debug|Any CPU
		Release|Any CPU = Release|Any CPU
	EndGlobalSection
	GlobalSection(ProjectConfigurationPlatforms) = postSolution
		{4E9C8C6A-8AE4-42C5-8444-FCE8C7A5D623}.Debug|Any CPU.ActiveCfg = Debug|Any CPU
		{4E9C8C6A-8AE4-42C5-8444-FCE8C7A5D623}.Debug|Any CPU.Build.0 = Debug|Any CPU
		{4E9C8C6A-8AE4-42C5-8444-FCE8C7A5D623}.Release|Any CPU.ActiveCfg = Release|Any CPU
		{4E9C8C6A-8AE4-42C5-8444-FCE8C7A5D623}.Release|Any CPU.Build.0 = Release|Any CPU
	EndGlobalSection
	GlobalSection(SolutionProperties) = preSolution
		HideSolutionNode = FALSE
	EndGlobalSection
	GlobalSection(ExtensibilityGlobals) = postSolution
		SolutionGuid = {AA57D283-ED97-4ABF-85AC-B5DD419F98BB}
	EndGlobalSection
EndGlobal
